
Microsoft Visual Studio Solution File, Format Version 12.00
# Visual Studio Version 16
VisualStudioVersion = 16.0.31129.286
MinimumVisualStudioVersion = 10.0.40219.1
Project("{8BC9CEB8-8B4A-11D0-8D11-00A0C91BC942}") = "Sandbox", "Sandbox\Sandbox.vcxproj", "{06D89C6E-6727-4B0E-BD12-D78705161C6B}"
EndProject
Project("{8BC9CEB8-8B4A-11D0-8D11-00A0C91BC942}") = "Maple", "Maple\Maple.vcxproj", "{A39F52DA-17C4-4FB4-BBF0-CE025A1A1F69}"
EndProject
Global
	GlobalSection(SolutionConfigurationPlatforms) = preSolution
		Debug|x64 = Debug|x64
		Release|x64 = Release|x64
	EndGlobalSection
	GlobalSection(ProjectConfigurationPlatforms) = postSolution
		{A39F52DA-17C4-4FB4-BBF0-CE025A1A1F69}.Debug|x64.ActiveCfg = Debug|x64
		{A39F52DA-17C4-4FB4-BBF0-CE025A1A1F69}.Debug|x64.Build.0 = Debug|x64
		{A39F52DA-17C4-4FB4-BBF0-CE025A1A1F69}.Release|x64.ActiveCfg = Release|x64
		{A39F52DA-17C4-4FB4-BBF0-CE025A1A1F69}.Release|x64.Build.0 = Release|x64
		{06D89C6E-6727-4B0E-BD12-D78705161C6B}.Debug|x64.ActiveCfg = Debug|x64
		{06D89C6E-6727-4B0E-BD12-D78705161C6B}.Debug|x64.Build.0 = Debug|x64
		{06D89C6E-6727-4B0E-BD12-D78705161C6B}.Release|x64.ActiveCfg = Release|x64
		{06D89C6E-6727-4B0E-BD12-D78705161C6B}.Release|x64.Build.0 = Release|x64
	EndGlobalSection
	GlobalSection(SolutionProperties) = preSolution
		HideSolutionNode = FALSE
	EndGlobalSection
	GlobalSection(ExtensibilityGlobals) = postSolution
		SolutionGuid = {4BBB2231-6FB0-4280-974C-CC75B447F162}
	EndGlobalSection
EndGlobal
